version = 1
revision = 3
requires-python = "==3.13.*"

[[package]]
name = "blake3"
version = "1.0.9"
source = { registry = "https://pypi.org/simple" }
sdist = { url = "https://files.pythonhosted.org/packages/26/6a/4cc5a9dd40fd8a6d283fd3761e5f59c490109571ef8e3c73245417e5a305/blake3-1.0.9.tar.gz", hash = "sha256:5fa374fa5070ca084368776c19b420157eb0f2d3f091343d6bc59189929d62e2", size = 116872, upload-time = "2026-06-22T18:02:25.366Z" }
wheels = [
    { url = "https://files.pythonhosted.org/packages/41/1b/95b473d649f5322e69674622a307ffdb4f0b63adb0a0adcbc5cb8a8833c2/blake3-1.0.9-cp313-cp313-macosx_10_12_x86_64.whl", hash = "sha256:69ff5aebc7650954443aa701feff2028d7c7ea5b5e18ee265f15e2104e892328", size = 343869, upload-time = "2026-06-22T18:00:51.936Z" },
    { url = "https://files.pythonhosted.org/packages/4b/9d/adec22c719d8451af1dc9e624bf5907008ef1e0afa51aa69fd1e8c91e60e/blake3-1.0.9-cp313-cp313-macosx_11_0_arm64.whl", hash = "sha256:0cdfeff65488089ef86f7587c76055ff72b28d28d10e427b547f5711477c376d", size = 328482, upload-time = "2026-06-22T18:00:53.39Z" },
    { url = "https://files.pythonhosted.org/packages/5e/aa/0a6967ff9a6ae182419a681aed54f7338b34a1f71372e90f787a2afa42e6/blake3-1.0.9-cp313-cp313-manylinux_2_17_aarch64.manylinux2014_aarch64.whl", hash = "sha256:766f1555cbe614f14f399c2fbec0983568d20edb36837ba04040807eb9e1a609", size = 373616, upload-time = "2026-06-22T18:00:54.701Z" },
    { url = "https://files.pythonhosted.org/packages/1c/51/5d4e198bf3ae902c6697ad6ec77d7210736ad8f680980e8b648dcfcd09a0/blake3-1.0.9-cp313-cp313-manylinux_2_17_armv7l.manylinux2014_armv7l.whl", hash = "sha256:128a62136c9a39c7cb9fdaa5fb38471f2418853da7f5a89f31495735d0ba6f2c", size = 374149, upload-time = "2026-06-22T18:00:56.015Z" },
    { url = "https://files.pythonhosted.org/packages/7e/62/d3c7c364925b3f10828e5137376f3947f112c32188e899b42f09c2fde98a/blake3-1.0.9-cp313-cp313-manylinux_2_17_i686.manylinux2014_i686.whl", hash = "sha256:d1ea0bf17b184b03444007646d902207d2b4d4f3e91a0cac3836552d83db74b9", size = 446151, upload-time = "2026-06-22T18:00:57.378Z" },
    { url = "https://files.pythonhosted.org/packages/b1/01/55b89389c5036c9d24b1d762d6265e91552e10b76a3c99fece3c4a7a4783/blake3-1.0.9-cp313-cp313-manylinux_2_17_ppc64le.manylinux2014_ppc64le.whl", hash = "sha256:73a48f7e9f0e047f51a445d9b0361ab1907bdc72b6857815a84dacd2e59556f8", size = 487256, upload-time = "2026-06-22T18:00:58.763Z" },
    { url = "https://files.pythonhosted.org/packages/b2/7a/a21b52253292ad3e4df63ea4a01ce11d3ee8f4a8a8d80eaf0c7ce92a62bd/blake3-1.0.9-cp313-cp313-manylinux_2_17_s390x.manylinux2014_s390x.whl", hash = "sha256:b27550ada40f839aca64c66127940e4318bb6ef3e291890ef913017f6f637448", size = 383977, upload-time = "2026-06-22T18:01:00.192Z" },
    { url = "https://files.pythonhosted.org/packages/f3/f0/fe7188201a29ee9b042616c786a98afd864d537ca96198e64c3fe4ff13a9/blake3-1.0.9-cp313-cp313-manylinux_2_17_x86_64.manylinux2014_x86_64.whl", hash = "sha256:66c84dbc2a31eda88b55bbf5c5b711037bf0698eba0fd1faf06bdaf313c39048", size = 383615, upload-time = "2026-06-22T18:01:01.557Z" },
    { url = "https://files.pythonhosted.org/packages/22/08/f6a213b950e30fe9ef7d7fc061ec388e66ed62643570226882e6f7136ea3/blake3-1.0.9-cp313-cp313-manylinux_2_31_riscv64.whl", hash = "sha256:dab59b324aa65c09e937d6c43de5de85ec9581627f4e79dcc9806d85b54a1c34", size = 380288, upload-time = "2026-06-22T18:01:03.025Z" },
    { url = "https://files.pythonhosted.org/packages/f1/fb/b171e47c1b835483bcf1545ebc289458165f8dc0f5c7f74a9176d7e9af03/blake3-1.0.9-cp313-cp313-musllinux_1_1_aarch64.whl", hash = "sha256:eca281fedcbe5c56655bd5a4176e6036eddbbe57df96114a03838fce08b1e0ca", size = 549122, upload-time = "2026-06-22T18:01:04.486Z" },
    { url = "https://files.pythonhosted.org/packages/a7/d8/7bf71c2c85a0951e406971f151435e0751716907e3924c6c48a2d6dae0db/blake3-1.0.9-cp313-cp313-musllinux_1_1_x86_64.whl", hash = "sha256:3cbe7f190164896dc3908e920716ee66bc31d40f1a0fb603ed59ac53290fb9cf", size = 591183, upload-time = "2026-06-22T18:01:06.259Z" },
    { url = "https://files.pythonhosted.org/packages/20/85/34c3ea03cc90b2516628494ab3e0a98aec4ca8b04d037840ccd390e480ca/blake3-1.0.9-cp313-cp313-win32.whl", hash = "sha256:508ccaf8f9377cc47e6026c2897fdc37de61faeb1420dc023b6379cc2474eb65", size = 229053, upload-time = "2026-06-22T18:01:07.638Z" },
    { url = "https://files.pythonhosted.org/packages/db/2e/f09e8ed426f360aa2005206466ceab2f707486eb5d9db7051dbcbae056d1/blake3-1.0.9-cp313-cp313-win_amd64.whl", hash = "sha256:caded2806d2cbeed638c5e2517ed8b2a94165b3452fda35e72896142d22070e0", size = 217589, upload-time = "2026-06-22T18:01:08.922Z" },
]

[[package]]
name = "cassette"
version = "0.0.1"
source = { virtual = "." }
dependencies = [
    { name = "blake3" },
    { name = "mlx" },
    { name = "resumablesha256" },
    { name = "rfc8785" },
]

[package.dev-dependencies]
dev = [
    { name = "pytest" },
]

[package.metadata]
requires-dist = [
    { name = "blake3", specifier = "==1.0.9" },
    { name = "mlx", specifier = "==0.31.0" },
    { name = "resumablesha256", specifier = "==1.0" },
    { name = "rfc8785", specifier = "==0.1.4" },
]

[package.metadata.requires-dev]
dev = [{ name = "pytest", specifier = "==9.1.1" }]

[[package]]
name = "colorama"
version = "0.4.6"
source = { registry = "https://pypi.org/simple" }
sdist = { url = "https://files.pythonhosted.org/packages/d8/53/6f443c9a4a8358a93a6792e2acffb9d9d5cb0a5cfd8802644b7b1c9a02e4/colorama-0.4.6.tar.gz", hash = "sha256:08695f5cb7ed6e0531a20572697297273c47b8cae5a63ffc6d6ed5c201be6e44", size = 27697, upload-time = "2022-10-25T02:36:22.414Z" }
wheels = [
    { url = "https://files.pythonhosted.org/packages/d1/d6/3965ed04c63042e047cb6a3e6ed1a63a35087b6a609aa3a15ed8ac56c221/colorama-0.4.6-py2.py3-none-any.whl", hash = "sha256:4f1d9991f5acc0ca119f9d443620b77f9d6b33703e51011c16baf57afb285fc6", size = 25335, upload-time = "2022-10-25T02:36:20.889Z" },
]

[[package]]
name = "iniconfig"
version = "2.3.0"
source = { registry = "https://pypi.org/simple" }
sdist = { url = "https://files.pythonhosted.org/packages/72/34/14ca021ce8e5dfedc35312d08ba8bf51fdd999c576889fc2c24cb97f4f10/iniconfig-2.3.0.tar.gz", hash = "sha256:c76315c77db068650d49c5b56314774a7804df16fee4402c1f19d6d15d8c4730", size = 20503, upload-time = "2025-10-18T21:55:43.219Z" }
wheels = [
    { url = "https://files.pythonhosted.org/packages/cb/b1/3846dd7f199d53cb17f49cba7e651e9ce294d8497c8c150530ed11865bb8/iniconfig-2.3.0-py3-none-any.whl", hash = "sha256:f631c04d2c48c52b84d0d0549c99ff3859c98df65b3101406327ecc7d53fbf12", size = 7484, upload-time = "2025-10-18T21:55:41.639Z" },
]

[[package]]
name = "mlx"
version = "0.31.0"
source = { registry = "https://pypi.org/simple" }
dependencies = [
    { name = "mlx-metal", marker = "sys_platform == 'darwin'" },
]
wheels = [
    { url = "https://files.pythonhosted.org/packages/4a/09/35d1192cf1f655438213d8baa2264a8bc2426b44d93802dabfc177fd8e81/mlx-0.31.0-cp313-cp313-macosx_14_0_arm64.whl", hash = "sha256:4f33e9aafc6d3ad29e72743dfb786c4ce67397414f0a091469058626381fc1bc", size = 575815, upload-time = "2026-02-27T23:49:34.607Z" },
    { url = "https://files.pythonhosted.org/packages/59/9d/29e0cb154a31ed05c9d24c776513bf1ec506b8570e214b4563b55bb19ef6/mlx-0.31.0-cp313-cp313-macosx_15_0_arm64.whl", hash = "sha256:242806b8ad6a4d3ce86cdff513f86520552de7592786712770b2e1ebd178816a", size = 575821, upload-time = "2026-02-27T23:49:35.947Z" },
    { url = "https://files.pythonhosted.org/packages/5f/6c/437aefdca17216aab02d0fb7528cd63e2c3d8d9c1b079c07d579a770645f/mlx-0.31.0-cp313-cp313-macosx_26_0_arm64.whl", hash = "sha256:7f0bdbac084017820ce513a12318771a06c7ec10fad159839e27c998bc5dad89", size = 575810, upload-time = "2026-02-27T23:49:37.165Z" },
    { url = "https://files.pythonhosted.org/packages/a6/d5/986777b53e2c3eff709ee5a275b41ed84a9c04f60071e97f9d3b60dec845/mlx-0.31.0-cp313-cp313-manylinux_2_35_aarch64.whl", hash = "sha256:8642dda2b23195d9921973749ae9bf764e2c7d70bfc0e60b23b6335e660cc610", size = 624713, upload-time = "2026-02-27T23:49:38.672Z" },
    { url = "https://files.pythonhosted.org/packages/2d/29/da0875739d08760461a5b21207c34d959bc7572b27e46ccc0f48badae078/mlx-0.31.0-cp313-cp313-manylinux_2_35_x86_64.whl", hash = "sha256:c6daa671cfa3c194951d742aa09030c5008d9d9657034b2903389fa090b3ba92", size = 666888, upload-time = "2026-02-27T23:49:40.222Z" },
]

[[package]]
name = "mlx-metal"
version = "0.31.0"
source = { registry = "https://pypi.org/simple" }
wheels = [
    { url = "https://files.pythonhosted.org/packages/94/4f/0a0671dfa62b59bf429edab0e2c9c7f9bc77865aa4218cd46f2f41d7d11a/mlx_metal-0.31.0-py3-none-macosx_14_0_arm64.whl", hash = "sha256:1c572a6e3634a63060c103b0c38ac309e2d217be15519e3d8f0d6b452bb015f5", size = 38596752, upload-time = "2026-02-27T23:29:39.52Z" },
    { url = "https://files.pythonhosted.org/packages/8d/42/c6d7bfd097b777f932d6cf8c79e41b565070b63cc452a069b8804e505140/mlx_metal-0.31.0-py3-none-macosx_15_0_arm64.whl", hash = "sha256:554dc7cb29e0ea5fb6941df42f11a1de385b095848e6183c7a99d7c1f1a11f5d", size = 38595434, upload-time = "2026-02-27T23:29:43.285Z" },
    { url = "https://files.pythonhosted.org/packages/ed/8f/cdaffd759b4c71e74c294e773daacad8aafabac103b93e0aa56d4468d279/mlx_metal-0.31.0-py3-none-macosx_26_0_arm64.whl", hash = "sha256:7fd412f55ddf9f1d90c2cd86ce281d19e8eb93d093c6dbd784a49f8bd7d0a22c", size = 47879607, upload-time = "2026-02-27T23:29:46.571Z" },
]

[[package]]
name = "packaging"
version = "26.3"
source = { registry = "https://pypi.org/simple" }
sdist = { url = "https://files.pythonhosted.org/packages/7d/fa/3944b40b07da9ce895c0e6303a5ab7d53da063554f534556b134a54d6093/packaging-26.3.tar.gz", hash = "sha256:94edc256424af38762eb31306eed28beb9f0efc50a8837492c9d6fd6004aed79", size = 313412, upload-time = "2026-08-04T18:15:28.737Z" }
wheels = [
    { url = "https://files.pythonhosted.org/packages/63/34/ba1c580383c9eada3711951fef0795c80b829a078d72188184bcab9dd527/packaging-26.3-py3-none-any.whl", hash = "sha256:d7193f7c8e4e93f444fde0262bf90af30e16fa0ad0ad44cb553c87339b23cd1c", size = 129956, upload-time = "2026-08-04T18:15:27.159Z" },
]

[[package]]
name = "pluggy"
version = "1.6.0"
source = { registry = "https://pypi.org/simple" }
sdist = { url = "https://files.pythonhosted.org/packages/f9/e2/3e91f31a7d2b083fe6ef3fa267035b518369d9511ffab804f839851d2779/pluggy-1.6.0.tar.gz", hash = "sha256:7dcc130b76258d33b90f61b658791dede3486c3e6bfb003ee5c9bfb396dd22f3", size = 69412, upload-time = "2025-05-15T12:30:07.975Z" }
wheels = [
    { url = "https://files.pythonhosted.org/packages/54/20/4d324d65cc6d9205fabedc306948156824eb9f0ee1633355a8f7ec5c66bf/pluggy-1.6.0-py3-none-any.whl", hash = "sha256:e920276dd6813095e9377c0bc5566d94c932c33b27a3e3945d8389c374dd4746", size = 20538, upload-time = "2025-05-15T12:30:06.134Z" },
]

[[package]]
name = "pygments"
version = "2.20.0"
source = { registry = "https://pypi.org/simple" }
sdist = { url = "https://files.pythonhosted.org/packages/c3/b2/bc9c9196916376152d655522fdcebac55e66de6603a76a02bca1b6414f6c/pygments-2.20.0.tar.gz", hash = "sha256:6757cd03768053ff99f3039c1a36d6c0aa0b263438fcab17520b30a303a82b5f", size = 4955991, upload-time = "2026-03-29T13:29:33.898Z" }
wheels = [
    { url = "https://files.pythonhosted.org/packages/f4/7e/a72dd26f3b0f4f2bf1dd8923c85f7ceb43172af56d63c7383eb62b332364/pygments-2.20.0-py3-none-any.whl", hash = "sha256:81a9e26dd42fd28a23a2d169d86d7ac03b46e2f8b59ed4698fb4785f946d0176", size = 1231151, upload-time = "2026-03-29T13:29:30.038Z" },
]

[[package]]
name = "pytest"
version = "9.1.1"
source = { registry = "https://pypi.org/simple" }
dependencies = [
    { name = "colorama", marker = "sys_platform == 'win32'" },
    { name = "iniconfig" },
    { name = "packaging" },
    { name = "pluggy" },
    { name = "pygments" },
]
sdist = { url = "https://files.pythonhosted.org/packages/e4/47/b9efed96c114afcfa3c9d3fe98a76a1d14c74a9e266d397cf6eb64be5e01/pytest-9.1.1.tar.gz", hash = "sha256:1088fbde8f2b49d95a549a195707afa7a76a3ce9bcadc26b6d71f0ffda5fe313", size = 1636369, upload-time = "2026-06-19T10:58:32.857Z" }
wheels = [
    { url = "https://files.pythonhosted.org/packages/24/25/1de2678b631f5a49215c6c96fff41ba892b0a34df68d6d80292b1b48aa7f/pytest-9.1.1-py3-none-any.whl", hash = "sha256:37a86b45efb9a47a61a36449063e8e18d0cab3161329fc099eb21783169c4f0c", size = 386536, upload-time = "2026-06-19T10:58:31.347Z" },
]

[[package]]
name = "resumablesha256"
version = "1.0"
source = { registry = "https://pypi.org/simple" }
sdist = { url = "https://files.pythonhosted.org/packages/c4/e5/16ff72557c2a43952c70668bb4d2a0b141a431b375dc25af6715ac18cd63/resumablesha256-1.0.tar.gz", hash = "sha256:fe4155a0439b978cd5a60def8b595d83b5d33c43c87fc0ae1365ad0a93699651", size = 8725, upload-time = "2025-03-02T23:16:53.895Z" }
wheels = [
    { url = "https://files.pythonhosted.org/packages/94/c9/329e92912abdc93dc4dd1d97a53b0ea2c90a748da3e6599e1ae81187d678/resumablesha256-1.0-cp313-cp313-macosx_10_13_x86_64.whl", hash = "sha256:22d01eac04cb2154c888aa9a8b4240a1131b94474c384e9928105ffb2369a966", size = 8578, upload-time = "2025-03-02T23:15:50.197Z" },
    { url = "https://files.pythonhosted.org/packages/7b/2c/ce549c02e44278771ae21391374111aa48d29f345e47f7dda9b71f90c465/resumablesha256-1.0-cp313-cp313-macosx_11_0_arm64.whl", hash = "sha256:d9eaa20fa8044d0d87039a4e38e90453810c5e1627a631e03da301bd073b4256", size = 8956, upload-time = "2025-03-02T23:15:50.963Z" },
    { url = "https://files.pythonhosted.org/packages/b1/ec/b64956ff2a1e8518b8a197b0880d06a2d779bb6dd74dc3ffc874e7c66c6c/resumablesha256-1.0-cp313-cp313-manylinux_2_5_i686.manylinux1_i686.manylinux_2_17_i686.manylinux2014_i686.whl", hash = "sha256:fdac2e67068694262df4f894bdcfa25a9bce822fb49f1ed9ecb0e61fd2b330b2", size = 19311, upload-time = "2025-03-02T23:15:51.764Z" },
    { url = "https://files.pythonhosted.org/packages/7c/30/310ef889af35f53266b77ffd59d4a0cc014bcab12d76fe168e8ce5d4175b/resumablesha256-1.0-cp313-cp313-manylinux_2_5_x86_64.manylinux1_x86_64.manylinux_2_17_x86_64.manylinux2014_x86_64.whl", hash = "sha256:f87a2b6237ec99b7fbd5e66598834fba4379183db351b10bcabb93f6730e429c", size = 19984, upload-time = "2025-03-02T23:15:53.716Z" },
    { url = "https://files.pythonhosted.org/packages/67/0e/067a80235a909e9943d12e1de6046e280cf5245543deee01499585c20fe2/resumablesha256-1.0-cp313-cp313-musllinux_1_2_i686.whl", hash = "sha256:0ad33b0f3acbaa24575ae4adb802dd11968b1d23de8acabd4bff5218f8862352", size = 19756, upload-time = "2025-03-02T23:15:55.146Z" },
    { url = "https://files.pythonhosted.org/packages/68/64/284776f5f3b8287f7cb7ec8394bbbac280edf9f6a9b00dee0ec72409eeec/resumablesha256-1.0-cp313-cp313-musllinux_1_2_x86_64.whl", hash = "sha256:9599a64459599026588f1416e07c939b4dcf934bafd9286cd16068b2df23e0bf", size = 19969, upload-time = "2025-03-02T23:15:56.594Z" },
    { url = "https://files.pythonhosted.org/packages/35/7c/148a0d020992b6d8d1c6439caad09d73bb91783d16b18175fd1f88453685/resumablesha256-1.0-cp313-cp313-win32.whl", hash = "sha256:d9fc5b65815a79981ec4f2d2e94f8b496c18a711955fbbcc6487aab77241482c", size = 10536, upload-time = "2025-03-02T23:15:58.937Z" },
    { url = "https://files.pythonhosted.org/packages/23/d8/0adbff735c2900e9d4e1087b5426f8edfce4f87b7eb3efb74b9c58a9feb8/resumablesha256-1.0-cp313-cp313-win_amd64.whl", hash = "sha256:a43ec73a048b218df4d0c354927f9941ec64ed7bb5b1915901628568561d2b94", size = 11889, upload-time = "2025-03-02T23:15:59.708Z" },
]

[[package]]
name = "rfc8785"
version = "0.1.4"
source = { registry = "https://pypi.org/simple" }
sdist = { url = "https://files.pythonhosted.org/packages/ef/2f/fa1d2e740c490191b572d33dbca5daa180cb423c24396b856f5886371d8b/rfc8785-0.1.4.tar.gz", hash = "sha256:e545841329fe0eee4f6a3b44e7034343100c12b4ec566dc06ca9735681deb4da", size = 14321, upload-time = "2024-09-27T16:33:31.206Z" }
wheels = [
    { url = "https://files.pythonhosted.org/packages/4d/78/119878110660b2ad709888c8a1614fce7e2fab39080ab960656dc8605bf6/rfc8785-0.1.4-py3-none-any.whl", hash = "sha256:520d690b448ecf0703691c76e1a34a24ddcd4fc5bc41d589cb7c58ec651bcd48", size = 9240, upload-time = "2024-09-27T16:33:29.683Z" },
]
