version = 1
revision = 3
requires-python = "==3.13.*"

[[package]]
name = "anyio"
version = "4.15.1"
source = { registry = "https://pypi.org/simple" }
dependencies = [
    { name = "idna" },
    { name = "typing-extensions" },
]
sdist = { url = "https://files.pythonhosted.org/packages/a9/d2/f4d173e22df740bc37b1db102b386ba719b66e95b0f0d751f556b387e6d2/anyio-4.15.1.tar.gz", hash = "sha256:9f28306018cbd6d329e64a36d58256edff76dd996fe423bc957326e578b82a94", size = 276966, upload-time = "2026-09-05T10:42:39.44Z" }
wheels = [
    { url = "https://files.pythonhosted.org/packages/12/b8/4bd346e22b28902df4d651910f5242c28d84e4a5c2435ca5c3f797ed7e2e/anyio-4.15.1-py3-none-any.whl", hash = "sha256:6152fdbbf9a77fdec97731721bebf7c4c44f7c29b424b0065826173efc7ed101", size = 132079, upload-time = "2026-09-05T10:42:37.923Z" },
]

[[package]]
name = "blake3"
version = "1.0.9"
source = { registry = "https://pypi.org/simple" }
sdist = { url = "https://files.pythonhosted.org/packages/26/6a/4cc5a9dd40fd8a6d283fd3761e5f59c490109571ef8e3c73245417e5a305/blake3-1.0.9.tar.gz", hash = "sha256:5fa374fa5070ca084368776c19b420157eb0f2d3f091343d6bc59189929d62e2", size = 116872, upload-time = "2026-06-22T18:02:25.366Z" }
wheels = [
    { url = "https://files.pythonhosted.org/packages/41/1b/95b473d649f5322e69674622a307ffdb4f0b63adb0a0adcbc5cb8a8833c2/blake3-1.0.9-cp313-cp313-macosx_10_12_x86_64.whl", hash = "sha256:69ff5aebc7650954443aa701feff2028d7c7ea5b5e18ee265f15e2104e892328", size = 343869, upload-time = "2026-06-22T18:00:51.936Z" },
    { url = "https://files.pythonhosted.org/packages/4b/9d/adec22c719d8451af1dc9e624bf5907008ef1e0afa51aa69fd1e8c91e60e/blake3-1.0.9-cp313-cp313-macosx_11_0_arm64.whl", hash = "sha256:0cdfeff65488089ef86f7587c76055ff72b28d28d10e427b547f5711477c376d", size = 328482, upload-time = "2026-06-22T18:00:53.39Z" },
    { url = "https://files.pythonhosted.org/packages/5e/aa/0a6967ff9a6ae182419a681aed54f7338b34a1f71372e90f787a2afa42e6/blake3-1.0.9-cp313-cp313-manylinux_2_17_aarch64.manylinux2014_aarch64.whl", hash = "sha256:766f1555cbe614f14f399c2fbec0983568d20edb36837ba04040807eb9e1a609", size = 373616, upload-time = "2026-06-22T18:00:54.701Z" },
    { url = "https://files.pythonhosted.org/packages/1c/51/5d4e198bf3ae902c6697ad6ec77d7210736ad8f680980e8b648dcfcd09a0/blake3-1.0.9-cp313-cp313-manylinux_2_17_armv7l.manylinux2014_armv7l.whl", hash = "sha256:128a62136c9a39c7cb9fdaa5fb38471f2418853da7f5a89f31495735d0ba6f2c", size = 374149, upload-time = "2026-06-22T18:00:56.015Z" },
    { url = "https://files.pythonhosted.org/packages/7e/62/d3c7c364925b3f10828e5137376f3947f112c32188e899b42f09c2fde98a/blake3-1.0.9-cp313-cp313-manylinux_2_17_i686.manylinux2014_i686.whl", hash = "sha256:d1ea0bf17b184b03444007646d902207d2b4d4f3e91a0cac3836552d83db74b9", size = 446151, upload-time = "2026-06-22T18:00:57.378Z" },
    { url = "https://files.pythonhosted.org/packages/b1/01/55b89389c5036c9d24b1d762d6265e91552e10b76a3c99fece3c4a7a4783/blake3-1.0.9-cp313-cp313-manylinux_2_17_ppc64le.manylinux2014_ppc64le.whl", hash = "sha256:73a48f7e9f0e047f51a445d9b0361ab1907bdc72b6857815a84dacd2e59556f8", size = 487256, upload-time = "2026-06-22T18:00:58.763Z" },
    { url = "https://files.pythonhosted.org/packages/b2/7a/a21b52253292ad3e4df63ea4a01ce11d3ee8f4a8a8d80eaf0c7ce92a62bd/blake3-1.0.9-cp313-cp313-manylinux_2_17_s390x.manylinux2014_s390x.whl", hash = "sha256:b27550ada40f839aca64c66127940e4318bb6ef3e291890ef913017f6f637448", size = 383977, upload-time = "2026-06-22T18:01:00.192Z" },
    { url = "https://files.pythonhosted.org/packages/f3/f0/fe7188201a29ee9b042616c786a98afd864d537ca96198e64c3fe4ff13a9/blake3-1.0.9-cp313-cp313-manylinux_2_17_x86_64.manylinux2014_x86_64.whl", hash = "sha256:66c84dbc2a31eda88b55bbf5c5b711037bf0698eba0fd1faf06bdaf313c39048", size = 383615, upload-time = "2026-06-22T18:01:01.557Z" },
    { url = "https://files.pythonhosted.org/packages/22/08/f6a213b950e30fe9ef7d7fc061ec388e66ed62643570226882e6f7136ea3/blake3-1.0.9-cp313-cp313-manylinux_2_31_riscv64.whl", hash = "sha256:dab59b324aa65c09e937d6c43de5de85ec9581627f4e79dcc9806d85b54a1c34", size = 380288, upload-time = "2026-06-22T18:01:03.025Z" },
    { url = "https://files.pythonhosted.org/packages/f1/fb/b171e47c1b835483bcf1545ebc289458165f8dc0f5c7f74a9176d7e9af03/blake3-1.0.9-cp313-cp313-musllinux_1_1_aarch64.whl", hash = "sha256:eca281fedcbe5c56655bd5a4176e6036eddbbe57df96114a03838fce08b1e0ca", size = 549122, upload-time = "2026-06-22T18:01:04.486Z" },
    { url = "https://files.pythonhosted.org/packages/a7/d8/7bf71c2c85a0951e406971f151435e0751716907e3924c6c48a2d6dae0db/blake3-1.0.9-cp313-cp313-musllinux_1_1_x86_64.whl", hash = "sha256:3cbe7f190164896dc3908e920716ee66bc31d40f1a0fb603ed59ac53290fb9cf", size = 591183, upload-time = "2026-06-22T18:01:06.259Z" },
    { url = "https://files.pythonhosted.org/packages/20/85/34c3ea03cc90b2516628494ab3e0a98aec4ca8b04d037840ccd390e480ca/blake3-1.0.9-cp313-cp313-win32.whl", hash = "sha256:508ccaf8f9377cc47e6026c2897fdc37de61faeb1420dc023b6379cc2474eb65", size = 229053, upload-time = "2026-06-22T18:01:07.638Z" },
    { url = "https://files.pythonhosted.org/packages/db/2e/f09e8ed426f360aa2005206466ceab2f707486eb5d9db7051dbcbae056d1/blake3-1.0.9-cp313-cp313-win_amd64.whl", hash = "sha256:caded2806d2cbeed638c5e2517ed8b2a94165b3452fda35e72896142d22070e0", size = 217589, upload-time = "2026-06-22T18:01:08.922Z" },
]

[[package]]
name = "cassette"
version = "0.0.1"
source = { editable = "." }
dependencies = [
    { name = "blake3" },
    { name = "jinja2" },
    { name = "mlx" },
    { name = "pyyaml" },
    { name = "resumablesha256" },
    { name = "rfc8785" },
    { name = "tokenizers" },
]

[package.dev-dependencies]
dev = [
    { name = "pytest" },
]

[package.metadata]
requires-dist = [
    { name = "blake3", specifier = "==1.0.9" },
    { name = "jinja2", specifier = "==3.1.6" },
    { name = "mlx", specifier = "==0.31.0" },
    { name = "pyyaml", specifier = "==6.0.3" },
    { name = "resumablesha256", specifier = "==1.0" },
    { name = "rfc8785", specifier = "==0.1.4" },
    { name = "tokenizers", specifier = "==0.23.2" },
]

[package.metadata.requires-dev]
dev = [{ name = "pytest", specifier = "==9.1.1" }]

[[package]]
name = "certifi"
version = "2026.7.22"
source = { registry = "https://pypi.org/simple" }
sdist = { url = "https://files.pythonhosted.org/packages/a3/c2/24167ea9858356b47a87a50d39908bfdb72ceeefe0041586e704e5376b3a/certifi-2026.7.22.tar.gz", hash = "sha256:741e2c3b351ddf169a738da9f2c048608ff7f2c5cc02f1ebc6b118bb090d5d55", size = 138112, upload-time = "2026-07-22T03:35:12.644Z" }
wheels = [
    { url = "https://files.pythonhosted.org/packages/0b/a7/71ac2cff56fec219ed242bb11b8efb69fcc4bec75db06fb7bfe35de520e6/certifi-2026.7.22-py3-none-any.whl", hash = "sha256:62f22742b58a1a33014a2b6b706588a8d7e2a88ae7bd1a6ebe8c992928483775", size = 136983, upload-time = "2026-07-22T03:35:11.276Z" },
]

[[package]]
name = "click"
version = "8.5.0"
source = { registry = "https://pypi.org/simple" }
sdist = { url = "https://files.pythonhosted.org/packages/c7/0e/7fa0ef50764b67090eca4114772a2abf8b6148198475e54c660b97caeee6/click-8.5.0.tar.gz", hash = "sha256:ba0d2089de75ea0310e2dde03160e6ca10009947fb95a182f9b54021bb272e34", size = 382235, upload-time = "2026-08-26T13:33:14.56Z" }
wheels = [
    { url = "https://files.pythonhosted.org/packages/58/50/6c0d534c5f134586a8e1ba4e330569e32f057e33372ae556463212fb4cd3/click-8.5.0-py3-none-any.whl", hash = "sha256:255bc9599cf7748b4b1a446ccc735421bd08a2ae529a8b88597d3de5664ee360", size = 125251, upload-time = "2026-08-26T13:33:12.928Z" },
]

[[package]]
name = "colorama"
version = "0.4.6"
source = { registry = "https://pypi.org/simple" }
sdist = { url = "https://files.pythonhosted.org/packages/d8/53/6f443c9a4a8358a93a6792e2acffb9d9d5cb0a5cfd8802644b7b1c9a02e4/colorama-0.4.6.tar.gz", hash = "sha256:08695f5cb7ed6e0531a20572697297273c47b8cae5a63ffc6d6ed5c201be6e44", size = 27697, upload-time = "2022-10-25T02:36:22.414Z" }
wheels = [
    { url = "https://files.pythonhosted.org/packages/d1/d6/3965ed04c63042e047cb6a3e6ed1a63a35087b6a609aa3a15ed8ac56c221/colorama-0.4.6-py2.py3-none-any.whl", hash = "sha256:4f1d9991f5acc0ca119f9d443620b77f9d6b33703e51011c16baf57afb285fc6", size = 25335, upload-time = "2022-10-25T02:36:20.889Z" },
]

[[package]]
name = "filelock"
version = "3.32.5"
source = { registry = "https://pypi.org/simple" }
sdist = { url = "https://files.pythonhosted.org/packages/0a/a0/50c2c0ce5e74d7721bbb1b19a26ebd339aac5878553a6e35308c2f31f935/filelock-3.32.5.tar.gz", hash = "sha256:f6a6a28f743f9b95ce19db5abe0f376f75eb56517dff21e1a4751e2657d3e83d", size = 222838, upload-time = "2026-08-31T18:56:34.729Z" }
wheels = [
    { url = "https://files.pythonhosted.org/packages/36/d2/b70a31e13d04456d28493f31d2aa087e99eeb2767ef0293b2625727ccb8c/filelock-3.32.5-py3-none-any.whl", hash = "sha256:142cd9fa77a872c5e78c62329a0d15278fadc686eb89e760017968961a4fd6b2", size = 100003, upload-time = "2026-08-31T18:56:33.078Z" },
]

[[package]]
name = "fsspec"
version = "2026.7.0"
source = { registry = "https://pypi.org/simple" }
sdist = { url = "https://files.pythonhosted.org/packages/00/78/f34251dadb8f3921264a1d9b8946f5e542014ee2614b285261b4e40e6775/fsspec-2026.7.0.tar.gz", hash = "sha256:c803c40f4cf860b49dea58ee3e1c33cb9c790520e233537e1340049f89b82a88", size = 317040, upload-time = "2026-07-28T16:34:51.052Z" }
wheels = [
    { url = "https://files.pythonhosted.org/packages/fd/3c/6a2bf344106328fd04963664a60b9bb6496fc25df8e962fcdc1367285fb9/fsspec-2026.7.0-py3-none-any.whl", hash = "sha256:b57ddbafedfaef7018c1ecab32aa200a9d7ca26b77965f64e48b70061249d279", size = 206583, upload-time = "2026-07-28T16:34:49.538Z" },
]

[[package]]
name = "h11"
version = "0.16.0"
source = { registry = "https://pypi.org/simple" }
sdist = { url = "https://files.pythonhosted.org/packages/01/ee/02a2c011bdab74c6fb3c75474d40b3052059d95df7e73351460c8588d963/h11-0.16.0.tar.gz", hash = "sha256:4e35b956cf45792e4caa5885e69fba00bdbc6ffafbfa020300e549b208ee5ff1", size = 101250, upload-time = "2025-04-24T03:35:25.427Z" }
wheels = [
    { url = "https://files.pythonhosted.org/packages/04/4b/29cac41a4d98d144bf5f6d33995617b185d14b22401f75ca86f384e87ff1/h11-0.16.0-py3-none-any.whl", hash = "sha256:63cf8bbe7522de3bf65932fda1d9c2772064ffb3dae62d55932da54b31cb6c86", size = 37515, upload-time = "2025-04-24T03:35:24.344Z" },
]

[[package]]
name = "hf-xet"
version = "1.6.0"
source = { registry = "https://pypi.org/simple" }
sdist = { url = "https://files.pythonhosted.org/packages/1b/ab/522a2ab67f27971a9d48ca666d4fca85ef7d5282d142e31fd087e27b1bbe/hf_xet-1.6.0.tar.gz", hash = "sha256:2e58454a340b3556dfa4972d5451aff4fba8dd42a236600ba1a1d2b1514f0fef", size = 920527, upload-time = "2026-08-03T22:33:13.243Z" }
wheels = [
    { url = "https://files.pythonhosted.org/packages/a2/50/7afa2c9c787405864fc47a0d1bbc02c62e9101947ed43c1f43899fc7d91d/hf_xet-1.6.0-cp38-abi3-macosx_10_12_x86_64.whl", hash = "sha256:633dc0cd71d32da58ab8c03ad38e2fac452c15c2b0a2866ebf6ededfe0a5061d", size = 4071729, upload-time = "2026-08-03T22:33:00.721Z" },
    { url = "https://files.pythonhosted.org/packages/4b/69/55b8dcf636142ae660fec1869fcac14c4da2e8412e14d6eee1523be77e9f/hf_xet-1.6.0-cp38-abi3-macosx_11_0_arm64.whl", hash = "sha256:f0906082d9932ae0c0057fa194041c22b4e2cdb46b2592ef3b91f020d62a081a", size = 3876287, upload-time = "2026-08-03T22:33:02.251Z" },
    { url = "https://files.pythonhosted.org/packages/67/4e/a28359bf1c1ecf11eba22123168c138698f7cb576ac678f5a2e16cd5da08/hf_xet-1.6.0-cp38-abi3-manylinux2014_x86_64.manylinux_2_17_x86_64.whl", hash = "sha256:d62671bb130879cef0ee4c9ebe47a14af6c66ec53e6d84dc15936e5ffdfac82f", size = 4464663, upload-time = "2026-08-03T22:33:03.802Z" },
    { url = "https://files.pythonhosted.org/packages/9a/69/1f0cbc2fb22ae6082d094f743d1b8945a3f36f6089cb95f42b7ee348cda7/hf_xet-1.6.0-cp38-abi3-manylinux_2_28_aarch64.whl", hash = "sha256:0e6e21fa3cdfcdcd76748564bf593870a5e013f47d97cf10aed63aa222cff5b7", size = 4262538, upload-time = "2026-08-03T22:33:05.287Z" },
    { url = "https://files.pythonhosted.org/packages/d1/3a/4f4f2301ade26e404462d3336fa11f7958d914cabbabdd6e03c3c5d5658c/hf_xet-1.6.0-cp38-abi3-musllinux_1_2_aarch64.whl", hash = "sha256:4fc74352a17015bd0ee90038bc9efe38db894cde45f268b6712b04fce8cd0acb", size = 4460520, upload-time = "2026-08-03T22:33:06.81Z" },
    { url = "https://files.pythonhosted.org/packages/ab/5f/311725e2a905534dfee2dcb5b08414f249147f1f12252bfc2bd24caa075c/hf_xet-1.6.0-cp38-abi3-musllinux_1_2_x86_64.whl", hash = "sha256:8fb4f71cba6129110c3374a33f919001ff130488fc23553698e34cc1c2a1198c", size = 4675937, upload-time = "2026-08-03T22:33:08.616Z" },
    { url = "https://files.pythonhosted.org/packages/98/b7/8c59a66d15205024662f1d66968136f13893f96df1ddc5087e2e281fc95f/hf_xet-1.6.0-cp38-abi3-win_amd64.whl", hash = "sha256:fb4fadde1b2b70bf4c0c14a6dccbe7194b1c28947fefd5bbe3fed9d940676c3b", size = 4033128, upload-time = "2026-08-03T22:33:10.171Z" },
    { url = "https://files.pythonhosted.org/packages/73/63/ca511b6f802f28cf3489b280fe77475bcca8de85e81a6299d7916b5b5555/hf_xet-1.6.0-cp38-abi3-win_arm64.whl", hash = "sha256:3dc3e35441ba395006af5aaacc40ef2e603c51ef46c3530b9156185f00935ea3", size = 3859359, upload-time = "2026-08-03T22:33:11.725Z" },
]

[[package]]
name = "httpcore"
version = "1.0.9"
source = { registry = "https://pypi.org/simple" }
dependencies = [
    { name = "certifi" },
    { name = "h11" },
]
sdist = { url = "https://files.pythonhosted.org/packages/06/94/82699a10bca87a5556c9c59b5963f2d039dbd239f25bc2a63907a05a14cb/httpcore-1.0.9.tar.gz", hash = "sha256:6e34463af53fd2ab5d807f399a9b45ea31c3dfa2276f15a2c3f00afff6e176e8", size = 85484, upload-time = "2025-04-24T22:06:22.219Z" }
wheels = [
    { url = "https://files.pythonhosted.org/packages/7e/f5/f66802a942d491edb555dd61e3a9961140fd64c90bce1eafd741609d334d/httpcore-1.0.9-py3-none-any.whl", hash = "sha256:2d400746a40668fc9dec9810239072b40b4484b640a8c38fd654a024c7a1bf55", size = 78784, upload-time = "2025-04-24T22:06:20.566Z" },
]

[[package]]
name = "httpx"
version = "0.28.1"
source = { registry = "https://pypi.org/simple" }
dependencies = [
    { name = "anyio" },
    { name = "certifi" },
    { name = "httpcore" },
    { name = "idna" },
]
sdist = { url = "https://files.pythonhosted.org/packages/b1/df/48c586a5fe32a0f01324ee087459e112ebb7224f646c0b5023f5e79e9956/httpx-0.28.1.tar.gz", hash = "sha256:75e98c5f16b0f35b567856f597f06ff2270a374470a5c2392242528e3e3e42fc", size = 141406, upload-time = "2024-12-06T15:37:23.222Z" }
wheels = [
    { url = "https://files.pythonhosted.org/packages/2a/39/e50c7c3a983047577ee07d2a9e53faf5a69493943ec3f6a384bdc792deb2/httpx-0.28.1-py3-none-any.whl", hash = "sha256:d909fcccc110f8c7faf814ca82a9a4d816bc5a6dbfea25d6591d6985b8ba59ad", size = 73517, upload-time = "2024-12-06T15:37:21.509Z" },
]

[[package]]
name = "huggingface-hub"
version = "1.30.0"
source = { registry = "https://pypi.org/simple" }
dependencies = [
    { name = "click" },
    { name = "filelock" },
    { name = "fsspec" },
    { name = "hf-xet", marker = "platform_machine == 'AMD64' or platform_machine == 'aarch64' or platform_machine == 'amd64' or platform_machine == 'arm64' or platform_machine == 'x86_64'" },
    { name = "httpx" },
    { name = "packaging" },
    { name = "pyyaml" },
    { name = "tqdm" },
    { name = "typing-extensions" },
]
sdist = { url = "https://files.pythonhosted.org/packages/35/97/2eb4abaa5b969ed385066a0496a3823b3ff467fc1082e2202955f1867d60/huggingface_hub-1.30.0.tar.gz", hash = "sha256:e6a6120bc8c8e2723d03648434ee247088cceb55ba7067e7d34d692cad5fdb57", size = 964291, upload-time = "2026-09-03T10:05:14.053Z" }
wheels = [
    { url = "https://files.pythonhosted.org/packages/c3/0e/3e45bbe0dd48f4e56b1d46649d342de853cd1c7e815323472ab62687f153/huggingface_hub-1.30.0-py3-none-any.whl", hash = "sha256:96ae0a8e99a234374a6fe43e989ebd21c04640b91ab2927e7e5773ba1131ca59", size = 796795, upload-time = "2026-09-03T10:05:12.21Z" },
]

[[package]]
name = "idna"
version = "3.19"
source = { registry = "https://pypi.org/simple" }
sdist = { url = "https://files.pythonhosted.org/packages/5f/f7/abb373e5757eaec4b922b92f97ec8d6d7e057cf06778247604fbc4e7c3f3/idna-3.19.tar.gz", hash = "sha256:5e0811a4383b21dc5838069f801c4fb62113b7447663d2530d2bd6e77b49bf15", size = 215237, upload-time = "2026-08-18T05:14:24.27Z" }
wheels = [
    { url = "https://files.pythonhosted.org/packages/57/b0/0e52c878c53f245edd3a11020f20979b3f490f245af532c7cae3027754b5/idna-3.19-py3-none-any.whl", hash = "sha256:815e7be7a7806d54abb586dc943addc79e8b2ee16915059658cbeff4b1b43bf4", size = 68550, upload-time = "2026-08-18T05:14:22.343Z" },
]

[[package]]
name = "iniconfig"
version = "2.3.0"
source = { registry = "https://pypi.org/simple" }
sdist = { url = "https://files.pythonhosted.org/packages/72/34/14ca021ce8e5dfedc35312d08ba8bf51fdd999c576889fc2c24cb97f4f10/iniconfig-2.3.0.tar.gz", hash = "sha256:c76315c77db068650d49c5b56314774a7804df16fee4402c1f19d6d15d8c4730", size = 20503, upload-time = "2025-10-18T21:55:43.219Z" }
wheels = [
    { url = "https://files.pythonhosted.org/packages/cb/b1/3846dd7f199d53cb17f49cba7e651e9ce294d8497c8c150530ed11865bb8/iniconfig-2.3.0-py3-none-any.whl", hash = "sha256:f631c04d2c48c52b84d0d0549c99ff3859c98df65b3101406327ecc7d53fbf12", size = 7484, upload-time = "2025-10-18T21:55:41.639Z" },
]

[[package]]
name = "jinja2"
version = "3.1.6"
source = { registry = "https://pypi.org/simple" }
dependencies = [
    { name = "markupsafe" },
]
sdist = { url = "https://files.pythonhosted.org/packages/df/bf/f7da0350254c0ed7c72f3e33cef02e048281fec7ecec5f032d4aac52226b/jinja2-3.1.6.tar.gz", hash = "sha256:0137fb05990d35f1275a587e9aee6d56da821fc83491a0fb838183be43f66d6d", size = 245115, upload-time = "2025-03-05T20:05:02.478Z" }
wheels = [
    { url = "https://files.pythonhosted.org/packages/62/a1/3d680cbfd5f4b8f15abc1d571870c5fc3e594bb582bc3b64ea099db13e56/jinja2-3.1.6-py3-none-any.whl", hash = "sha256:85ece4451f492d0c13c5dd7c13a64681a86afae63a5f347908daf103ce6d2f67", size = 134899, upload-time = "2025-03-05T20:05:00.369Z" },
]

[[package]]
name = "markupsafe"
version = "3.0.3"
source = { registry = "https://pypi.org/simple" }
sdist = { url = "https://files.pythonhosted.org/packages/7e/99/7690b6d4034fffd95959cbe0c02de8deb3098cc577c67bb6a24fe5d7caa7/markupsafe-3.0.3.tar.gz", hash = "sha256:722695808f4b6457b320fdc131280796bdceb04ab50fe1795cd540799ebe1698", size = 80313, upload-time = "2025-09-27T18:37:40.426Z" }
wheels = [
    { url = "https://files.pythonhosted.org/packages/38/2f/907b9c7bbba283e68f20259574b13d005c121a0fa4c175f9bed27c4597ff/markupsafe-3.0.3-cp313-cp313-macosx_10_13_x86_64.whl", hash = "sha256:e1cf1972137e83c5d4c136c43ced9ac51d0e124706ee1c8aa8532c1287fa8795", size = 11622, upload-time = "2025-09-27T18:36:41.777Z" },
    { url = "https://files.pythonhosted.org/packages/9c/d9/5f7756922cdd676869eca1c4e3c0cd0df60ed30199ffd775e319089cb3ed/markupsafe-3.0.3-cp313-cp313-macosx_11_0_arm64.whl", hash = "sha256:116bb52f642a37c115f517494ea5feb03889e04df47eeff5b130b1808ce7c219", size = 12029, upload-time = "2025-09-27T18:36:43.257Z" },
    { url = "https://files.pythonhosted.org/packages/00/07/575a68c754943058c78f30db02ee03a64b3c638586fba6a6dd56830b30a3/markupsafe-3.0.3-cp313-cp313-manylinux2014_aarch64.manylinux_2_17_aarch64.manylinux_2_28_aarch64.whl", hash = "sha256:133a43e73a802c5562be9bbcd03d090aa5a1fe899db609c29e8c8d815c5f6de6", size = 24374, upload-time = "2025-09-27T18:36:44.508Z" },
    { url = "https://files.pythonhosted.org/packages/a9/21/9b05698b46f218fc0e118e1f8168395c65c8a2c750ae2bab54fc4bd4e0e8/markupsafe-3.0.3-cp313-cp313-manylinux2014_x86_64.manylinux_2_17_x86_64.manylinux_2_28_x86_64.whl", hash = "sha256:ccfcd093f13f0f0b7fdd0f198b90053bf7b2f02a3927a30e63f3ccc9df56b676", size = 22980, upload-time = "2025-09-27T18:36:45.385Z" },
    { url = "https://files.pythonhosted.org/packages/7f/71/544260864f893f18b6827315b988c146b559391e6e7e8f7252839b1b846a/markupsafe-3.0.3-cp313-cp313-manylinux_2_31_riscv64.manylinux_2_39_riscv64.whl", hash = "sha256:509fa21c6deb7a7a273d629cf5ec029bc209d1a51178615ddf718f5918992ab9", size = 21990, upload-time = "2025-09-27T18:36:46.916Z" },
    { url = "https://files.pythonhosted.org/packages/c2/28/b50fc2f74d1ad761af2f5dcce7492648b983d00a65b8c0e0cb457c82ebbe/markupsafe-3.0.3-cp313-cp313-musllinux_1_2_aarch64.whl", hash = "sha256:a4afe79fb3de0b7097d81da19090f4df4f8d3a2b3adaa8764138aac2e44f3af1", size = 23784, upload-time = "2025-09-27T18:36:47.884Z" },
    { url = "https://files.pythonhosted.org/packages/ed/76/104b2aa106a208da8b17a2fb72e033a5a9d7073c68f7e508b94916ed47a9/markupsafe-3.0.3-cp313-cp313-musllinux_1_2_riscv64.whl", hash = "sha256:795e7751525cae078558e679d646ae45574b47ed6e7771863fcc079a6171a0fc", size = 21588, upload-time = "2025-09-27T18:36:48.82Z" },
    { url = "https://files.pythonhosted.org/packages/b5/99/16a5eb2d140087ebd97180d95249b00a03aa87e29cc224056274f2e45fd6/markupsafe-3.0.3-cp313-cp313-musllinux_1_2_x86_64.whl", hash = "sha256:8485f406a96febb5140bfeca44a73e3ce5116b2501ac54fe953e488fb1d03b12", size = 23041, upload-time = "2025-09-27T18:36:49.797Z" },
    { url = "https://files.pythonhosted.org/packages/19/bc/e7140ed90c5d61d77cea142eed9f9c303f4c4806f60a1044c13e3f1471d0/markupsafe-3.0.3-cp313-cp313-win32.whl", hash = "sha256:bdd37121970bfd8be76c5fb069c7751683bdf373db1ed6c010162b2a130248ed", size = 14543, upload-time = "2025-09-27T18:36:51.584Z" },
    { url = "https://files.pythonhosted.org/packages/05/73/c4abe620b841b6b791f2edc248f556900667a5a1cf023a6646967ae98335/markupsafe-3.0.3-cp313-cp313-win_amd64.whl", hash = "sha256:9a1abfdc021a164803f4d485104931fb8f8c1efd55bc6b748d2f5774e78b62c5", size = 15113, upload-time = "2025-09-27T18:36:52.537Z" },
    { url = "https://files.pythonhosted.org/packages/f0/3a/fa34a0f7cfef23cf9500d68cb7c32dd64ffd58a12b09225fb03dd37d5b80/markupsafe-3.0.3-cp313-cp313-win_arm64.whl", hash = "sha256:7e68f88e5b8799aa49c85cd116c932a1ac15caaa3f5db09087854d218359e485", size = 13911, upload-time = "2025-09-27T18:36:53.513Z" },
    { url = "https://files.pythonhosted.org/packages/e4/d7/e05cd7efe43a88a17a37b3ae96e79a19e846f3f456fe79c57ca61356ef01/markupsafe-3.0.3-cp313-cp313t-macosx_10_13_x86_64.whl", hash = "sha256:218551f6df4868a8d527e3062d0fb968682fe92054e89978594c28e642c43a73", size = 11658, upload-time = "2025-09-27T18:36:54.819Z" },
    { url = "https://files.pythonhosted.org/packages/99/9e/e412117548182ce2148bdeacdda3bb494260c0b0184360fe0d56389b523b/markupsafe-3.0.3-cp313-cp313t-macosx_11_0_arm64.whl", hash = "sha256:3524b778fe5cfb3452a09d31e7b5adefeea8c5be1d43c4f810ba09f2ceb29d37", size = 12066, upload-time = "2025-09-27T18:36:55.714Z" },
    { url = "https://files.pythonhosted.org/packages/bc/e6/fa0ffcda717ef64a5108eaa7b4f5ed28d56122c9a6d70ab8b72f9f715c80/markupsafe-3.0.3-cp313-cp313t-manylinux2014_aarch64.manylinux_2_17_aarch64.manylinux_2_28_aarch64.whl", hash = "sha256:4e885a3d1efa2eadc93c894a21770e4bc67899e3543680313b09f139e149ab19", size = 25639, upload-time = "2025-09-27T18:36:56.908Z" },
    { url = "https://files.pythonhosted.org/packages/96/ec/2102e881fe9d25fc16cb4b25d5f5cde50970967ffa5dddafdb771237062d/markupsafe-3.0.3-cp313-cp313t-manylinux2014_x86_64.manylinux_2_17_x86_64.manylinux_2_28_x86_64.whl", hash = "sha256:8709b08f4a89aa7586de0aadc8da56180242ee0ada3999749b183aa23df95025", size = 23569, upload-time = "2025-09-27T18:36:57.913Z" },
    { url = "https://files.pythonhosted.org/packages/4b/30/6f2fce1f1f205fc9323255b216ca8a235b15860c34b6798f810f05828e32/markupsafe-3.0.3-cp313-cp313t-manylinux_2_31_riscv64.manylinux_2_39_riscv64.whl", hash = "sha256:b8512a91625c9b3da6f127803b166b629725e68af71f8184ae7e7d54686a56d6", size = 23284, upload-time = "2025-09-27T18:36:58.833Z" },
    { url = "https://files.pythonhosted.org/packages/58/47/4a0ccea4ab9f5dcb6f79c0236d954acb382202721e704223a8aafa38b5c8/markupsafe-3.0.3-cp313-cp313t-musllinux_1_2_aarch64.whl", hash = "sha256:9b79b7a16f7fedff2495d684f2b59b0457c3b493778c9eed31111be64d58279f", size = 24801, upload-time = "2025-09-27T18:36:59.739Z" },
    { url = "https://files.pythonhosted.org/packages/6a/70/3780e9b72180b6fecb83a4814d84c3bf4b4ae4bf0b19c27196104149734c/markupsafe-3.0.3-cp313-cp313t-musllinux_1_2_riscv64.whl", hash = "sha256:12c63dfb4a98206f045aa9563db46507995f7ef6d83b2f68eda65c307c6829eb", size = 22769, upload-time = "2025-09-27T18:37:00.719Z" },
    { url = "https://files.pythonhosted.org/packages/98/c5/c03c7f4125180fc215220c035beac6b9cb684bc7a067c84fc69414d315f5/markupsafe-3.0.3-cp313-cp313t-musllinux_1_2_x86_64.whl", hash = "sha256:8f71bc33915be5186016f675cd83a1e08523649b0e33efdb898db577ef5bb009", size = 23642, upload-time = "2025-09-27T18:37:01.673Z" },
    { url = "https://files.pythonhosted.org/packages/80/d6/2d1b89f6ca4bff1036499b1e29a1d02d282259f3681540e16563f27ebc23/markupsafe-3.0.3-cp313-cp313t-win32.whl", hash = "sha256:69c0b73548bc525c8cb9a251cddf1931d1db4d2258e9599c28c07ef3580ef354", size = 14612, upload-time = "2025-09-27T18:37:02.639Z" },
    { url = "https://files.pythonhosted.org/packages/2b/98/e48a4bfba0a0ffcf9925fe2d69240bfaa19c6f7507b8cd09c70684a53c1e/markupsafe-3.0.3-cp313-cp313t-win_amd64.whl", hash = "sha256:1b4b79e8ebf6b55351f0d91fe80f893b4743f104bff22e90697db1590e47a218", size = 15200, upload-time = "2025-09-27T18:37:03.582Z" },
    { url = "https://files.pythonhosted.org/packages/0e/72/e3cc540f351f316e9ed0f092757459afbc595824ca724cbc5a5d4263713f/markupsafe-3.0.3-cp313-cp313t-win_arm64.whl", hash = "sha256:ad2cf8aa28b8c020ab2fc8287b0f823d0a7d8630784c31e9ee5edea20f406287", size = 13973, upload-time = "2025-09-27T18:37:04.929Z" },
]

[[package]]
name = "mlx"
version = "0.31.0"
source = { registry = "https://pypi.org/simple" }
dependencies = [
    { name = "mlx-metal", marker = "sys_platform == 'darwin'" },
]
wheels = [
    { url = "https://files.pythonhosted.org/packages/4a/09/35d1192cf1f655438213d8baa2264a8bc2426b44d93802dabfc177fd8e81/mlx-0.31.0-cp313-cp313-macosx_14_0_arm64.whl", hash = "sha256:4f33e9aafc6d3ad29e72743dfb786c4ce67397414f0a091469058626381fc1bc", size = 575815, upload-time = "2026-02-27T23:49:34.607Z" },
    { url = "https://files.pythonhosted.org/packages/59/9d/29e0cb154a31ed05c9d24c776513bf1ec506b8570e214b4563b55bb19ef6/mlx-0.31.0-cp313-cp313-macosx_15_0_arm64.whl", hash = "sha256:242806b8ad6a4d3ce86cdff513f86520552de7592786712770b2e1ebd178816a", size = 575821, upload-time = "2026-02-27T23:49:35.947Z" },
    { url = "https://files.pythonhosted.org/packages/5f/6c/437aefdca17216aab02d0fb7528cd63e2c3d8d9c1b079c07d579a770645f/mlx-0.31.0-cp313-cp313-macosx_26_0_arm64.whl", hash = "sha256:7f0bdbac084017820ce513a12318771a06c7ec10fad159839e27c998bc5dad89", size = 575810, upload-time = "2026-02-27T23:49:37.165Z" },
    { url = "https://files.pythonhosted.org/packages/a6/d5/986777b53e2c3eff709ee5a275b41ed84a9c04f60071e97f9d3b60dec845/mlx-0.31.0-cp313-cp313-manylinux_2_35_aarch64.whl", hash = "sha256:8642dda2b23195d9921973749ae9bf764e2c7d70bfc0e60b23b6335e660cc610", size = 624713, upload-time = "2026-02-27T23:49:38.672Z" },
    { url = "https://files.pythonhosted.org/packages/2d/29/da0875739d08760461a5b21207c34d959bc7572b27e46ccc0f48badae078/mlx-0.31.0-cp313-cp313-manylinux_2_35_x86_64.whl", hash = "sha256:c6daa671cfa3c194951d742aa09030c5008d9d9657034b2903389fa090b3ba92", size = 666888, upload-time = "2026-02-27T23:49:40.222Z" },
]

[[package]]
name = "mlx-metal"
version = "0.31.0"
source = { registry = "https://pypi.org/simple" }
wheels = [
    { url = "https://files.pythonhosted.org/packages/94/4f/0a0671dfa62b59bf429edab0e2c9c7f9bc77865aa4218cd46f2f41d7d11a/mlx_metal-0.31.0-py3-none-macosx_14_0_arm64.whl", hash = "sha256:1c572a6e3634a63060c103b0c38ac309e2d217be15519e3d8f0d6b452bb015f5", size = 38596752, upload-time = "2026-02-27T23:29:39.52Z" },
    { url = "https://files.pythonhosted.org/packages/8d/42/c6d7bfd097b777f932d6cf8c79e41b565070b63cc452a069b8804e505140/mlx_metal-0.31.0-py3-none-macosx_15_0_arm64.whl", hash = "sha256:554dc7cb29e0ea5fb6941df42f11a1de385b095848e6183c7a99d7c1f1a11f5d", size = 38595434, upload-time = "2026-02-27T23:29:43.285Z" },
    { url = "https://files.pythonhosted.org/packages/ed/8f/cdaffd759b4c71e74c294e773daacad8aafabac103b93e0aa56d4468d279/mlx_metal-0.31.0-py3-none-macosx_26_0_arm64.whl", hash = "sha256:7fd412f55ddf9f1d90c2cd86ce281d19e8eb93d093c6dbd784a49f8bd7d0a22c", size = 47879607, upload-time = "2026-02-27T23:29:46.571Z" },
]

[[package]]
name = "packaging"
version = "26.3"
source = { registry = "https://pypi.org/simple" }
sdist = { url = "https://files.pythonhosted.org/packages/7d/fa/3944b40b07da9ce895c0e6303a5ab7d53da063554f534556b134a54d6093/packaging-26.3.tar.gz", hash = "sha256:94edc256424af38762eb31306eed28beb9f0efc50a8837492c9d6fd6004aed79", size = 313412, upload-time = "2026-08-04T18:15:28.737Z" }
wheels = [
    { url = "https://files.pythonhosted.org/packages/63/34/ba1c580383c9eada3711951fef0795c80b829a078d72188184bcab9dd527/packaging-26.3-py3-none-any.whl", hash = "sha256:d7193f7c8e4e93f444fde0262bf90af30e16fa0ad0ad44cb553c87339b23cd1c", size = 129956, upload-time = "2026-08-04T18:15:27.159Z" },
]

[[package]]
name = "pluggy"
version = "1.6.0"
source = { registry = "https://pypi.org/simple" }
sdist = { url = "https://files.pythonhosted.org/packages/f9/e2/3e91f31a7d2b083fe6ef3fa267035b518369d9511ffab804f839851d2779/pluggy-1.6.0.tar.gz", hash = "sha256:7dcc130b76258d33b90f61b658791dede3486c3e6bfb003ee5c9bfb396dd22f3", size = 69412, upload-time = "2025-05-15T12:30:07.975Z" }
wheels = [
    { url = "https://files.pythonhosted.org/packages/54/20/4d324d65cc6d9205fabedc306948156824eb9f0ee1633355a8f7ec5c66bf/pluggy-1.6.0-py3-none-any.whl", hash = "sha256:e920276dd6813095e9377c0bc5566d94c932c33b27a3e3945d8389c374dd4746", size = 20538, upload-time = "2025-05-15T12:30:06.134Z" },
]

[[package]]
name = "pygments"
version = "2.20.0"
source = { registry = "https://pypi.org/simple" }
sdist = { url = "https://files.pythonhosted.org/packages/c3/b2/bc9c9196916376152d655522fdcebac55e66de6603a76a02bca1b6414f6c/pygments-2.20.0.tar.gz", hash = "sha256:6757cd03768053ff99f3039c1a36d6c0aa0b263438fcab17520b30a303a82b5f", size = 4955991, upload-time = "2026-03-29T13:29:33.898Z" }
wheels = [
    { url = "https://files.pythonhosted.org/packages/f4/7e/a72dd26f3b0f4f2bf1dd8923c85f7ceb43172af56d63c7383eb62b332364/pygments-2.20.0-py3-none-any.whl", hash = "sha256:81a9e26dd42fd28a23a2d169d86d7ac03b46e2f8b59ed4698fb4785f946d0176", size = 1231151, upload-time = "2026-03-29T13:29:30.038Z" },
]

[[package]]
name = "pytest"
version = "9.1.1"
source = { registry = "https://pypi.org/simple" }
dependencies = [
    { name = "colorama", marker = "sys_platform == 'win32'" },
    { name = "iniconfig" },
    { name = "packaging" },
    { name = "pluggy" },
    { name = "pygments" },
]
sdist = { url = "https://files.pythonhosted.org/packages/e4/47/b9efed96c114afcfa3c9d3fe98a76a1d14c74a9e266d397cf6eb64be5e01/pytest-9.1.1.tar.gz", hash = "sha256:1088fbde8f2b49d95a549a195707afa7a76a3ce9bcadc26b6d71f0ffda5fe313", size = 1636369, upload-time = "2026-06-19T10:58:32.857Z" }
wheels = [
    { url = "https://files.pythonhosted.org/packages/24/25/1de2678b631f5a49215c6c96fff41ba892b0a34df68d6d80292b1b48aa7f/pytest-9.1.1-py3-none-any.whl", hash = "sha256:37a86b45efb9a47a61a36449063e8e18d0cab3161329fc099eb21783169c4f0c", size = 386536, upload-time = "2026-06-19T10:58:31.347Z" },
]

[[package]]
name = "pyyaml"
version = "6.0.3"
source = { registry = "https://pypi.org/simple" }
sdist = { url = "https://files.pythonhosted.org/packages/05/8e/961c0007c59b8dd7729d542c61a4d537767a59645b82a0b521206e1e25c2/pyyaml-6.0.3.tar.gz", hash = "sha256:d76623373421df22fb4cf8817020cbb7ef15c725b9d5e45f17e189bfc384190f", size = 130960, upload-time = "2025-09-25T21:33:16.546Z" }
wheels = [
    { url = "https://files.pythonhosted.org/packages/d1/11/0fd08f8192109f7169db964b5707a2f1e8b745d4e239b784a5a1dd80d1db/pyyaml-6.0.3-cp313-cp313-macosx_10_13_x86_64.whl", hash = "sha256:8da9669d359f02c0b91ccc01cac4a67f16afec0dac22c2ad09f46bee0697eba8", size = 181669, upload-time = "2025-09-25T21:32:23.673Z" },
    { url = "https://files.pythonhosted.org/packages/b1/16/95309993f1d3748cd644e02e38b75d50cbc0d9561d21f390a76242ce073f/pyyaml-6.0.3-cp313-cp313-macosx_11_0_arm64.whl", hash = "sha256:2283a07e2c21a2aa78d9c4442724ec1eb15f5e42a723b99cb3d822d48f5f7ad1", size = 173252, upload-time = "2025-09-25T21:32:25.149Z" },
    { url = "https://files.pythonhosted.org/packages/50/31/b20f376d3f810b9b2371e72ef5adb33879b25edb7a6d072cb7ca0c486398/pyyaml-6.0.3-cp313-cp313-manylinux2014_aarch64.manylinux_2_17_aarch64.manylinux_2_28_aarch64.whl", hash = "sha256:ee2922902c45ae8ccada2c5b501ab86c36525b883eff4255313a253a3160861c", size = 767081, upload-time = "2025-09-25T21:32:26.575Z" },
    { url = "https://files.pythonhosted.org/packages/49/1e/a55ca81e949270d5d4432fbbd19dfea5321eda7c41a849d443dc92fd1ff7/pyyaml-6.0.3-cp313-cp313-manylinux2014_s390x.manylinux_2_17_s390x.manylinux_2_28_s390x.whl", hash = "sha256:a33284e20b78bd4a18c8c2282d549d10bc8408a2a7ff57653c0cf0b9be0afce5", size = 841159, upload-time = "2025-09-25T21:32:27.727Z" },
    { url = "https://files.pythonhosted.org/packages/74/27/e5b8f34d02d9995b80abcef563ea1f8b56d20134d8f4e5e81733b1feceb2/pyyaml-6.0.3-cp313-cp313-manylinux2014_x86_64.manylinux_2_17_x86_64.manylinux_2_28_x86_64.whl", hash = "sha256:0f29edc409a6392443abf94b9cf89ce99889a1dd5376d94316ae5145dfedd5d6", size = 801626, upload-time = "2025-09-25T21:32:28.878Z" },
    { url = "https://files.pythonhosted.org/packages/f9/11/ba845c23988798f40e52ba45f34849aa8a1f2d4af4b798588010792ebad6/pyyaml-6.0.3-cp313-cp313-musllinux_1_2_aarch64.whl", hash = "sha256:f7057c9a337546edc7973c0d3ba84ddcdf0daa14533c2065749c9075001090e6", size = 753613, upload-time = "2025-09-25T21:32:30.178Z" },
    { url = "https://files.pythonhosted.org/packages/3d/e0/7966e1a7bfc0a45bf0a7fb6b98ea03fc9b8d84fa7f2229e9659680b69ee3/pyyaml-6.0.3-cp313-cp313-musllinux_1_2_x86_64.whl", hash = "sha256:eda16858a3cab07b80edaf74336ece1f986ba330fdb8ee0d6c0d68fe82bc96be", size = 794115, upload-time = "2025-09-25T21:32:31.353Z" },
    { url = "https://files.pythonhosted.org/packages/de/94/980b50a6531b3019e45ddeada0626d45fa85cbe22300844a7983285bed3b/pyyaml-6.0.3-cp313-cp313-win32.whl", hash = "sha256:d0eae10f8159e8fdad514efdc92d74fd8d682c933a6dd088030f3834bc8e6b26", size = 137427, upload-time = "2025-09-25T21:32:32.58Z" },
    { url = "https://files.pythonhosted.org/packages/97/c9/39d5b874e8b28845e4ec2202b5da735d0199dbe5b8fb85f91398814a9a46/pyyaml-6.0.3-cp313-cp313-win_amd64.whl", hash = "sha256:79005a0d97d5ddabfeeea4cf676af11e647e41d81c9a7722a193022accdb6b7c", size = 154090, upload-time = "2025-09-25T21:32:33.659Z" },
    { url = "https://files.pythonhosted.org/packages/73/e8/2bdf3ca2090f68bb3d75b44da7bbc71843b19c9f2b9cb9b0f4ab7a5a4329/pyyaml-6.0.3-cp313-cp313-win_arm64.whl", hash = "sha256:5498cd1645aa724a7c71c8f378eb29ebe23da2fc0d7a08071d89469bf1d2defb", size = 140246, upload-time = "2025-09-25T21:32:34.663Z" },
]

[[package]]
name = "resumablesha256"
version = "1.0"
source = { registry = "https://pypi.org/simple" }
sdist = { url = "https://files.pythonhosted.org/packages/c4/e5/16ff72557c2a43952c70668bb4d2a0b141a431b375dc25af6715ac18cd63/resumablesha256-1.0.tar.gz", hash = "sha256:fe4155a0439b978cd5a60def8b595d83b5d33c43c87fc0ae1365ad0a93699651", size = 8725, upload-time = "2025-03-02T23:16:53.895Z" }
wheels = [
    { url = "https://files.pythonhosted.org/packages/94/c9/329e92912abdc93dc4dd1d97a53b0ea2c90a748da3e6599e1ae81187d678/resumablesha256-1.0-cp313-cp313-macosx_10_13_x86_64.whl", hash = "sha256:22d01eac04cb2154c888aa9a8b4240a1131b94474c384e9928105ffb2369a966", size = 8578, upload-time = "2025-03-02T23:15:50.197Z" },
    { url = "https://files.pythonhosted.org/packages/7b/2c/ce549c02e44278771ae21391374111aa48d29f345e47f7dda9b71f90c465/resumablesha256-1.0-cp313-cp313-macosx_11_0_arm64.whl", hash = "sha256:d9eaa20fa8044d0d87039a4e38e90453810c5e1627a631e03da301bd073b4256", size = 8956, upload-time = "2025-03-02T23:15:50.963Z" },
    { url = "https://files.pythonhosted.org/packages/b1/ec/b64956ff2a1e8518b8a197b0880d06a2d779bb6dd74dc3ffc874e7c66c6c/resumablesha256-1.0-cp313-cp313-manylinux_2_5_i686.manylinux1_i686.manylinux_2_17_i686.manylinux2014_i686.whl", hash = "sha256:fdac2e67068694262df4f894bdcfa25a9bce822fb49f1ed9ecb0e61fd2b330b2", size = 19311, upload-time = "2025-03-02T23:15:51.764Z" },
    { url = "https://files.pythonhosted.org/packages/7c/30/310ef889af35f53266b77ffd59d4a0cc014bcab12d76fe168e8ce5d4175b/resumablesha256-1.0-cp313-cp313-manylinux_2_5_x86_64.manylinux1_x86_64.manylinux_2_17_x86_64.manylinux2014_x86_64.whl", hash = "sha256:f87a2b6237ec99b7fbd5e66598834fba4379183db351b10bcabb93f6730e429c", size = 19984, upload-time = "2025-03-02T23:15:53.716Z" },
    { url = "https://files.pythonhosted.org/packages/67/0e/067a80235a909e9943d12e1de6046e280cf5245543deee01499585c20fe2/resumablesha256-1.0-cp313-cp313-musllinux_1_2_i686.whl", hash = "sha256:0ad33b0f3acbaa24575ae4adb802dd11968b1d23de8acabd4bff5218f8862352", size = 19756, upload-time = "2025-03-02T23:15:55.146Z" },
    { url = "https://files.pythonhosted.org/packages/68/64/284776f5f3b8287f7cb7ec8394bbbac280edf9f6a9b00dee0ec72409eeec/resumablesha256-1.0-cp313-cp313-musllinux_1_2_x86_64.whl", hash = "sha256:9599a64459599026588f1416e07c939b4dcf934bafd9286cd16068b2df23e0bf", size = 19969, upload-time = "2025-03-02T23:15:56.594Z" },
    { url = "https://files.pythonhosted.org/packages/35/7c/148a0d020992b6d8d1c6439caad09d73bb91783d16b18175fd1f88453685/resumablesha256-1.0-cp313-cp313-win32.whl", hash = "sha256:d9fc5b65815a79981ec4f2d2e94f8b496c18a711955fbbcc6487aab77241482c", size = 10536, upload-time = "2025-03-02T23:15:58.937Z" },
    { url = "https://files.pythonhosted.org/packages/23/d8/0adbff735c2900e9d4e1087b5426f8edfce4f87b7eb3efb74b9c58a9feb8/resumablesha256-1.0-cp313-cp313-win_amd64.whl", hash = "sha256:a43ec73a048b218df4d0c354927f9941ec64ed7bb5b1915901628568561d2b94", size = 11889, upload-time = "2025-03-02T23:15:59.708Z" },
]

[[package]]
name = "rfc8785"
version = "0.1.4"
source = { registry = "https://pypi.org/simple" }
sdist = { url = "https://files.pythonhosted.org/packages/ef/2f/fa1d2e740c490191b572d33dbca5daa180cb423c24396b856f5886371d8b/rfc8785-0.1.4.tar.gz", hash = "sha256:e545841329fe0eee4f6a3b44e7034343100c12b4ec566dc06ca9735681deb4da", size = 14321, upload-time = "2024-09-27T16:33:31.206Z" }
wheels = [
    { url = "https://files.pythonhosted.org/packages/4d/78/119878110660b2ad709888c8a1614fce7e2fab39080ab960656dc8605bf6/rfc8785-0.1.4-py3-none-any.whl", hash = "sha256:520d690b448ecf0703691c76e1a34a24ddcd4fc5bc41d589cb7c58ec651bcd48", size = 9240, upload-time = "2024-09-27T16:33:29.683Z" },
]

[[package]]
name = "tokenizers"
version = "0.23.2"
source = { registry = "https://pypi.org/simple" }
dependencies = [
    { name = "huggingface-hub" },
]
sdist = { url = "https://files.pythonhosted.org/packages/18/1e/bc6587c5ab643b2e17776cace9070a2ae73549c86bffac9934a600bf3c31/tokenizers-0.23.2.tar.gz", hash = "sha256:7f0f085686b9de0d0079e6f874ae053600db64c5d13049e0bbc0119926d25aac", size = 385745, upload-time = "2026-09-03T08:55:42.89Z" }
wheels = [
    { url = "https://files.pythonhosted.org/packages/4d/ed/8a443528baa6fac8dfe8c3b75b038c63ac92bb539bcabe311e227c718173/tokenizers-0.23.2-cp310-abi3-macosx_10_12_x86_64.whl", hash = "sha256:85a9a357a3764aecc904ee76bdaf8cf1ad8e5a67a1b929a487c4a39b49ed0e90", size = 3148852, upload-time = "2026-09-03T08:55:30.874Z" },
    { url = "https://files.pythonhosted.org/packages/67/49/22da045a91732384d3a3771816bf188dc5a1f702c32e635afa7c679c0bef/tokenizers-0.23.2-cp310-abi3-macosx_11_0_arm64.whl", hash = "sha256:986670e43691469dcee610ea0f846f91a8f84e91fc6f7a48d4c064414c0ec2bf", size = 3101593, upload-time = "2026-09-03T08:55:28.587Z" },
    { url = "https://files.pythonhosted.org/packages/2e/4d/8f569ed49372a3ed8e57099bd515055fd48d7c95912c4307cda6973c2168/tokenizers-0.23.2-cp310-abi3-manylinux_2_17_aarch64.manylinux2014_aarch64.whl", hash = "sha256:a37039b5dfc4af84eb3ef0a92f4307e28936c8f9adccba2629d36f652e9bf7a2", size = 3516830, upload-time = "2026-09-03T08:55:14.741Z" },
    { url = "https://files.pythonhosted.org/packages/2a/de/e2f14c8919d5bf51874051d00d6c7b7e0e8bde6c6a2dbeddda7f642896ff/tokenizers-0.23.2-cp310-abi3-manylinux_2_17_armv7l.manylinux2014_armv7l.whl", hash = "sha256:7b7e37ba198f24150f523e1242e83c4970de4a525480586be5dcc24d9add32c5", size = 3407975, upload-time = "2026-09-03T08:55:16.842Z" },
    { url = "https://files.pythonhosted.org/packages/c5/bd/93c69152d02ef06ce47aed8b2bf4952dcf733c935a62791873932b2934d9/tokenizers-0.23.2-cp310-abi3-manylinux_2_17_i686.manylinux2014_i686.whl", hash = "sha256:43e4f2071e3cc8d5d86421c874aebc82659bb51a68bcdef5a0da75ee89511ccb", size = 3748165, upload-time = "2026-09-03T08:55:24.769Z" },
    { url = "https://files.pythonhosted.org/packages/2d/b7/56b84b80bc96942bba8eb23751a9e8a1fce4faaf4390425e7083f721c98c/tokenizers-0.23.2-cp310-abi3-manylinux_2_17_ppc64le.manylinux2014_ppc64le.whl", hash = "sha256:325fee2e0418a9dc6c9ecf736a5f5f0db7875183ace9549ae339da76f7a1fbb7", size = 4024165, upload-time = "2026-09-03T08:55:18.806Z" },
    { url = "https://files.pythonhosted.org/packages/9b/8a/0175e216f005c2fe08238292663aa41e4c802b216e71047a69a0e9fc6fa3/tokenizers-0.23.2-cp310-abi3-manylinux_2_17_s390x.manylinux2014_s390x.whl", hash = "sha256:950d7c9426fa72406a0ffeacdbc0bb9985f5db20eb8b263f29c79aaf83105703", size = 3591899, upload-time = "2026-09-03T08:55:22.752Z" },
    { url = "https://files.pythonhosted.org/packages/2c/ca/ca6b93c7820df123b2662a9469e8facc826ccc94e98fdd0d615f6431e73a/tokenizers-0.23.2-cp310-abi3-manylinux_2_17_x86_64.manylinux2014_x86_64.whl", hash = "sha256:41c2f84d172449b4dadb9cdc508e3e364076613c35b16e76ecfe47a60d1e3305", size = 3386843, upload-time = "2026-09-03T08:55:26.584Z" },
    { url = "https://files.pythonhosted.org/packages/e9/a4/4f9106d317b14a80aefea9f0e3a8d07ef25f856a7607eb7f5ab894281fcb/tokenizers-0.23.2-cp310-abi3-manylinux_2_31_riscv64.whl", hash = "sha256:12f0835dc2ee694746a76adf7b1567d4346a4a502ebe93fb1f5f80ea49799b78", size = 3577314, upload-time = "2026-09-03T08:55:20.825Z" },
    { url = "https://files.pythonhosted.org/packages/8d/6a/1552b70fb0d9ab074fd3fc961435d01364e79c9058481822c3af6e8d402c/tokenizers-0.23.2-cp310-abi3-musllinux_1_2_aarch64.whl", hash = "sha256:eb2f9c8a24da020ea8c11a01a19c1c2547912d92121ae4a01cfbca46125dee40", size = 9967367, upload-time = "2026-09-03T08:55:33.188Z" },
    { url = "https://files.pythonhosted.org/packages/06/01/3ccb3a956c7528b2507b8a9714155c4baf86af593039db6ea375dd0c96c3/tokenizers-0.23.2-cp310-abi3-musllinux_1_2_armv7l.whl", hash = "sha256:f486f402f6f9abee5bb032553736813af0c710a86b2e0ca592634c55cea1f835", size = 9811886, upload-time = "2026-09-03T08:55:35.642Z" },
    { url = "https://files.pythonhosted.org/packages/fa/73/7038e612d48bda1599457f712f6bd3854eae1a9dc9c13aa47f835349db48/tokenizers-0.23.2-cp310-abi3-musllinux_1_2_i686.whl", hash = "sha256:bef235815a067b2648caf6dcc7a71091b0b0fff9ee8057f6451eb9335fae52ef", size = 10146224, upload-time = "2026-09-03T08:55:38.391Z" },
    { url = "https://files.pythonhosted.org/packages/b5/d8/8e9e4e0b287a338d8f88976729628c9d22e8a54cfaf9777018a7f7cb58a0/tokenizers-0.23.2-cp310-abi3-musllinux_1_2_x86_64.whl", hash = "sha256:5c56bda1511921587789163e524d196ed8284174ac23abd7685d5ea8da6c4718", size = 10256304, upload-time = "2026-09-03T08:55:40.977Z" },
    { url = "https://files.pythonhosted.org/packages/f3/1f/c79a01f671a49728ebb0b61f7ff9ea45663b66cab40bc0858e9859b25c16/tokenizers-0.23.2-cp310-abi3-win32.whl", hash = "sha256:debf978920d93ba9c219bd67cc4bbfaf912c9039e41e7a28b91ec15e3728c95a", size = 2592809, upload-time = "2026-09-03T08:55:48.02Z" },
    { url = "https://files.pythonhosted.org/packages/db/f7/0a69ac6b82dbccf3f71add938a161c497952749294b8dd6dfe03a819dc40/tokenizers-0.23.2-cp310-abi3-win_amd64.whl", hash = "sha256:2e96f5699d5249c9c64aa8412e044f727aae3a4098cf830f9901ec1afc361cde", size = 2863236, upload-time = "2026-09-03T08:55:46.193Z" },
    { url = "https://files.pythonhosted.org/packages/d7/b0/dee84cb44175be1b4c35bd2f770727494e78f0bb38e571a623ade94dbebb/tokenizers-0.23.2-cp310-abi3-win_arm64.whl", hash = "sha256:e49c394456dd9985787fec76132438ba3fb8911f857b1bf3d40119f9292d41aa", size = 2729352, upload-time = "2026-09-03T08:55:44.345Z" },
]

[[package]]
name = "tqdm"
version = "4.70.0"
source = { registry = "https://pypi.org/simple" }
dependencies = [
    { name = "colorama", marker = "sys_platform == 'win32'" },
]
sdist = { url = "https://files.pythonhosted.org/packages/21/3b/6c24bec5be5e743ffd99576daa5cc077722fc7d5bbc00bd133fa0c698dc6/tqdm-4.70.0.tar.gz", hash = "sha256:55b0b0dbd97462d06ebee91e4dac24ed4d4702be82b24f07e6c1d27e08cea220", size = 795438, upload-time = "2026-07-27T11:33:15.271Z" }
wheels = [
    { url = "https://files.pythonhosted.org/packages/f9/1c/01bfd571a64e7f270e6bab5e33777debe0edc56759233ce84f27dec92d14/tqdm-4.70.0-py3-none-any.whl", hash = "sha256:7f585706bfddbdebf89daac705b2dfcc16890130727d3197ca62c732b4310953", size = 80184, upload-time = "2026-07-27T11:33:13.167Z" },
]

[[package]]
name = "typing-extensions"
version = "4.16.0"
source = { registry = "https://pypi.org/simple" }
sdist = { url = "https://files.pythonhosted.org/packages/f6/cc/6253133b5bb138fc3306cebfbda2c520f545d36b5be2c7255cc528bb45d6/typing_extensions-4.16.0.tar.gz", hash = "sha256:dc983d19a509c94dba722ee6abd33940f7c05a89e243c47e907eb4db6f1a43e5", size = 113555, upload-time = "2026-07-02T08:40:05.92Z" }
wheels = [
    { url = "https://files.pythonhosted.org/packages/49/d3/b8441a820a491ddfc024b0b0cf0393375b75ea13866d9c66727e54c2fc80/typing_extensions-4.16.0-py3-none-any.whl", hash = "sha256:481caa481374e813c1b176ada14e97f1f67a4539ce9cfeb3f350d78d6370c2e8", size = 45571, upload-time = "2026-07-02T08:40:04.659Z" },
]
